
Microsoft Visual Studio Solution File, Format Version 12.00
# Visual Studio Version 16
VisualStudioVersion = 16.0.30503.244
MinimumVisualStudioVersion = 10.0.40219.1
Project("{FAE04EC0-301F-11D3-BF4B-00C04F79EFBC}") = "RazorPagesSquadFinder", "RazorPagesSquadFinder\RazorPagesSquadFinder.csproj", "{1E80BCF2-8DE0-4D34-A17B-499877C9AF55}"
EndProject
Global
	GlobalSection(SolutionConfigurationPlatforms) = preSolution
		Debug|Any CPU = Debug|Any CPU
		Release|Any CPU = Release|Any CPU
	EndGlobalSection
	GlobalSection(ProjectConfigurationPlatforms) = postSolution
		{1E80BCF2-8DE0-4D34-A17B-499877C9AF55}.Debug|Any CPU.ActiveCfg = Debug|Any CPU
		{1E80BCF2-8DE0-4D34-A17B-499877C9AF55}.Debug|Any CPU.Build.0 = Debug|Any CPU
		{1E80BCF2-8DE0-4D34-A17B-499877C9AF55}.Release|Any CPU.ActiveCfg = Release|Any CPU
		{1E80BCF2-8DE0-4D34-A17B-499877C9AF55}.Release|Any CPU.Build.0 = Release|Any CPU
	EndGlobalSection
	GlobalSection(SolutionProperties) = preSolution
		HideSolutionNode = FALSE
	EndGlobalSection
	GlobalSection(ExtensibilityGlobals) = postSolution
		SolutionGuid = {A613E47A-B46C-4CCD-BCBE-F4B81F217256}
	EndGlobalSection
EndGlobal
